
Microsoft Visual Studio Solution File, Format Version 12.00
# Visual Studio 2017
Project("{FAE04EC0-301F-11D3-BF4B-00C04F79EFBC}") = "Hermann.Client.NativeClient", "Hermann.Client.NativeClient.csproj", "{4DD5503B-8041-0E34-6CA2-B1970909C427}"
EndProject
Global
	GlobalSection(SolutionConfigurationPlatforms) = preSolution
		Debug|Any CPU = Debug|Any CPU
		Release|Any CPU = Release|Any CPU
	EndGlobalSection
	GlobalSection(ProjectConfigurationPlatforms) = postSolution
		{4DD5503B-8041-0E34-6CA2-B1970909C427}.Debug|Any CPU.ActiveCfg = Debug|Any CPU
		{4DD5503B-8041-0E34-6CA2-B1970909C427}.Debug|Any CPU.Build.0 = Debug|Any CPU
		{4DD5503B-8041-0E34-6CA2-B1970909C427}.Release|Any CPU.ActiveCfg = Release|Any CPU
		{4DD5503B-8041-0E34-6CA2-B1970909C427}.Release|Any CPU.Build.0 = Release|Any CPU
	EndGlobalSection
	GlobalSection(SolutionProperties) = preSolution
		HideSolutionNode = FALSE
	EndGlobalSection
EndGlobal
